// !$*UTF8*$!
{
	archiveVersion = 1;
	classes = {
	};
	objectVersion = 50;
	objects = {

/* Begin PBXBuildFile section */
		2A5034FF22E5A20100AEA530 /* main.c in Sources */ = {isa = PBXBuildFile; fileRef = 2A5034FE22E5A20100AEA530 /* main.c */; };
		2A50352822E5A2C100AEA530 /* hashmap.c in Sources */ = {isa = PBXBuildFile; fileRef = 2A50350822E5A2A500AEA530 /* hashmap.c */; };
		2A50352922E5A2C100AEA530 /* str.c in Sources */ = {isa = PBXBuildFile; fileRef = 2A50350A22E5A2A500AEA530 /* str.c */; };
		2A50352A22E5A2C100AEA530 /* vec.c in Sources */ = {isa = PBXBuildFile; fileRef = 2A50350E22E5A2A500AEA530 /* vec.c */; };
		2A50352B22E5A2C100AEA530 /* expression.c in Sources */ = {isa = PBXBuildFile; fileRef = 2A50351222E5A2C100AEA530 /* expression.c */; };
		2A50352C22E5A2C100AEA530 /* scope.c in Sources */ = {isa = PBXBuildFile; fileRef = 2A50351522E5A2C100AEA530 /* scope.c */; };
		2A50352D22E5A2C100AEA530 /* statement.c in Sources */ = {isa = PBXBuildFile; fileRef = 2A50351822E5A2C100AEA530 /* statement.c */; };
		2A50352E22E5A2C100AEA530 /* code.c in Sources */ = {isa = PBXBuildFile; fileRef = 2A50351A22E5A2C100AEA530 /* code.c */; };
		2A50352F22E5A2C100AEA530 /* token.c in Sources */ = {isa = PBXBuildFile; fileRef = 2A50351C22E5A2C100AEA530 /* token.c */; };
		2A50353022E5A2C100AEA530 /* compiler.c in Sources */ = {isa = PBXBuildFile; fileRef = 2A50352122E5A2C100AEA530 /* compiler.c */; };
		2A50353122E5A2C100AEA530 /* parser.c in Sources */ = {isa = PBXBuildFile; fileRef = 2A50352422E5A2C100AEA530 /* parser.c */; };
		2A50353222E5A2C100AEA530 /* scanner.c in Sources */ = {isa = PBXBuildFile; fileRef = 2A50352622E5A2C100AEA530 /* scanner.c */; };
/* End PBXBuildFile section */

/* Begin PBXCopyFilesBuildPhase section */
		2A5034F922E5A20100AEA530 /* CopyFiles */ = {
			isa = PBXCopyFilesBuildPhase;
			buildActionMask = 2147483647;
			dstPath = /usr/share/man/man1/;
			dstSubfolderSpec = 0;
			files = (
			);
			runOnlyForDeploymentPostprocessing = 1;
		};
/* End PBXCopyFilesBuildPhase section */

/* Begin PBXFileReference section */
		2A5034FB22E5A20100AEA530 /* Heck */ = {isa = PBXFileReference; explicitFileType = "compiled.mach-o.executable"; includeInIndex = 0; path = Heck; sourceTree = BUILT_PRODUCTS_DIR; };
		2A5034FE22E5A20100AEA530 /* main.c */ = {isa = PBXFileReference; lastKnownFileType = sourcecode.c.c; path = main.c; sourceTree = "<group>"; };
		2A50350722E5A2A500AEA530 /* hashmap.h */ = {isa = PBXFileReference; fileEncoding = 4; lastKnownFileType = sourcecode.c.h; path = hashmap.h; sourceTree = "<group>"; };
		2A50350822E5A2A500AEA530 /* hashmap.c */ = {isa = PBXFileReference; fileEncoding = 4; lastKnownFileType = sourcecode.c.c; path = hashmap.c; sourceTree = "<group>"; };
		2A50350A22E5A2A500AEA530 /* str.c */ = {isa = PBXFileReference; fileEncoding = 4; lastKnownFileType = sourcecode.c.c; path = str.c; sourceTree = "<group>"; };
		2A50350B22E5A2A500AEA530 /* str.h */ = {isa = PBXFileReference; fileEncoding = 4; lastKnownFileType = sourcecode.c.h; path = str.h; sourceTree = "<group>"; };
		2A50350D22E5A2A500AEA530 /* vec.h */ = {isa = PBXFileReference; fileEncoding = 4; lastKnownFileType = sourcecode.c.h; path = vec.h; sourceTree = "<group>"; };
		2A50350E22E5A2A500AEA530 /* vec.c */ = {isa = PBXFileReference; fileEncoding = 4; lastKnownFileType = sourcecode.c.c; path = vec.c; sourceTree = "<group>"; };
		2A50351022E5A2C100AEA530 /* code.h */ = {isa = PBXFileReference; fileEncoding = 4; lastKnownFileType = sourcecode.c.h; path = code.h; sourceTree = "<group>"; };
		2A50351222E5A2C100AEA530 /* expression.c */ = {isa = PBXFileReference; fileEncoding = 4; lastKnownFileType = sourcecode.c.c; path = expression.c; sourceTree = "<group>"; };
		2A50351322E5A2C100AEA530 /* types.h */ = {isa = PBXFileReference; fileEncoding = 4; lastKnownFileType = sourcecode.c.h; path = types.h; sourceTree = "<group>"; };
		2A50351422E5A2C100AEA530 /* statement.h */ = {isa = PBXFileReference; fileEncoding = 4; lastKnownFileType = sourcecode.c.h; path = statement.h; sourceTree = "<group>"; };
		2A50351522E5A2C100AEA530 /* scope.c */ = {isa = PBXFileReference; fileEncoding = 4; lastKnownFileType = sourcecode.c.c; path = scope.c; sourceTree = "<group>"; };
		2A50351622E5A2C100AEA530 /* expression.h */ = {isa = PBXFileReference; fileEncoding = 4; lastKnownFileType = sourcecode.c.h; path = expression.h; sourceTree = "<group>"; };
		2A50351722E5A2C100AEA530 /* scope.h */ = {isa = PBXFileReference; fileEncoding = 4; lastKnownFileType = sourcecode.c.h; path = scope.h; sourceTree = "<group>"; };
		2A50351822E5A2C100AEA530 /* statement.c */ = {isa = PBXFileReference; fileEncoding = 4; lastKnownFileType = sourcecode.c.c; path = statement.c; sourceTree = "<group>"; };
		2A50351922E5A2C100AEA530 /* code_impl.h */ = {isa = PBXFileReference; fileEncoding = 4; lastKnownFileType = sourcecode.c.h; path = code_impl.h; sourceTree = "<group>"; };
		2A50351A22E5A2C100AEA530 /* code.c */ = {isa = PBXFileReference; fileEncoding = 4; lastKnownFileType = sourcecode.c.c; path = code.c; sourceTree = "<group>"; };
		2A50351C22E5A2C100AEA530 /* token.c */ = {isa = PBXFileReference; fileEncoding = 4; lastKnownFileType = sourcecode.c.c; path = token.c; sourceTree = "<group>"; };
		2A50351D22E5A2C100AEA530 /* tokentypes.h */ = {isa = PBXFileReference; fileEncoding = 4; lastKnownFileType = sourcecode.c.h; path = tokentypes.h; sourceTree = "<group>"; };
		2A50351E22E5A2C100AEA530 /* token.h */ = {isa = PBXFileReference; fileEncoding = 4; lastKnownFileType = sourcecode.c.h; path = token.h; sourceTree = "<group>"; };
		2A50352022E5A2C100AEA530 /* compiler.h */ = {isa = PBXFileReference; fileEncoding = 4; lastKnownFileType = sourcecode.c.h; path = compiler.h; sourceTree = "<group>"; };
		2A50352122E5A2C100AEA530 /* compiler.c */ = {isa = PBXFileReference; fileEncoding = 4; lastKnownFileType = sourcecode.c.c; path = compiler.c; sourceTree = "<group>"; };
		2A50352322E5A2C100AEA530 /* parser.h */ = {isa = PBXFileReference; fileEncoding = 4; lastKnownFileType = sourcecode.c.h; path = parser.h; sourceTree = "<group>"; };
		2A50352422E5A2C100AEA530 /* parser.c */ = {isa = PBXFileReference; fileEncoding = 4; lastKnownFileType = sourcecode.c.c; path = parser.c; sourceTree = "<group>"; };
		2A50352622E5A2C100AEA530 /* scanner.c */ = {isa = PBXFileReference; fileEncoding = 4; lastKnownFileType = sourcecode.c.c; path = scanner.c; sourceTree = "<group>"; };
		2A50352722E5A2C100AEA530 /* scanner.h */ = {isa = PBXFileReference; fileEncoding = 4; lastKnownFileType = sourcecode.c.h; path = scanner.h; sourceTree = "<group>"; };
/* End PBXFileReference section */

/* Begin PBXFrameworksBuildPhase section */
		2A5034F822E5A20100AEA530 /* Frameworks */ = {
			isa = PBXFrameworksBuildPhase;
			buildActionMask = 2147483647;
			files = (
			);
			runOnlyForDeploymentPostprocessing = 0;
		};
/* End PBXFrameworksBuildPhase section */

/* Begin PBXGroup section */
		2A5034F222E5A20100AEA530 = {
			isa = PBXGroup;
			children = (
				2A5034FD22E5A20100AEA530 /* src */,
				2A5034FC22E5A20100AEA530 /* Products */,
			);
			sourceTree = "<group>";
		};
		2A5034FC22E5A20100AEA530 /* Products */ = {
			isa = PBXGroup;
			children = (
				2A5034FB22E5A20100AEA530 /* Heck */,
			);
			name = Products;
			sourceTree = "<group>";
		};
		2A5034FD22E5A20100AEA530 /* src */ = {
			isa = PBXGroup;
			children = (
				2A50350522E5A2A500AEA530 /* structures */,
				2A50350F22E5A2C100AEA530 /* code */,
				2A50351F22E5A2C100AEA530 /* compiler */,
				2A50352222E5A2C100AEA530 /* parser */,
				2A50352522E5A2C100AEA530 /* scanner */,
				2A50351B22E5A2C100AEA530 /* token */,
				2A5034FE22E5A20100AEA530 /* main.c */,
			);
			path = src;
			sourceTree = "<group>";
		};
		2A50350522E5A2A500AEA530 /* structures */ = {
			isa = PBXGroup;
			children = (
				2A50350622E5A2A500AEA530 /* hashmap */,
				2A50350922E5A2A500AEA530 /* string */,
				2A50350C22E5A2A500AEA530 /* vector */,
			);
			path = structures;
			sourceTree = "<group>";
		};
		2A50350622E5A2A500AEA530 /* hashmap */ = {
			isa = PBXGroup;
			children = (
				2A50350722E5A2A500AEA530 /* hashmap.h */,
				2A50350822E5A2A500AEA530 /* hashmap.c */,
			);
			path = hashmap;
			sourceTree = "<group>";
		};
		2A50350922E5A2A500AEA530 /* string */ = {
			isa = PBXGroup;
			children = (
				2A50350A22E5A2A500AEA530 /* str.c */,
				2A50350B22E5A2A500AEA530 /* str.h */,
			);
			path = string;
			sourceTree = "<group>";
		};
		2A50350C22E5A2A500AEA530 /* vector */ = {
			isa = PBXGroup;
			children = (
				2A50350D22E5A2A500AEA530 /* vec.h */,
				2A50350E22E5A2A500AEA530 /* vec.c */,
			);
			path = vector;
			sourceTree = "<group>";
		};
		2A50350F22E5A2C100AEA530 /* code */ = {
			isa = PBXGroup;
			children = (
				2A50351022E5A2C100AEA530 /* code.h */,
				2A50351122E5A2C100AEA530 /* syntax tree */,
				2A50351922E5A2C100AEA530 /* code_impl.h */,
				2A50351A22E5A2C100AEA530 /* code.c */,
			);
			path = code;
			sourceTree = "<group>";
		};
		2A50351122E5A2C100AEA530 /* syntax tree */ = {
			isa = PBXGroup;
			children = (
				2A50351222E5A2C100AEA530 /* expression.c */,
				2A50351322E5A2C100AEA530 /* types.h */,
				2A50351422E5A2C100AEA530 /* statement.h */,
				2A50351522E5A2C100AEA530 /* scope.c */,
				2A50351622E5A2C100AEA530 /* expression.h */,
				2A50351722E5A2C100AEA530 /* scope.h */,
				2A50351822E5A2C100AEA530 /* statement.c */,
			);
			path = "syntax tree";
			sourceTree = "<group>";
		};
		2A50351B22E5A2C100AEA530 /* token */ = {
			isa = PBXGroup;
			children = (
				2A50351C22E5A2C100AEA530 /* token.c */,
				2A50351D22E5A2C100AEA530 /* tokentypes.h */,
				2A50351E22E5A2C100AEA530 /* token.h */,
			);
			path = token;
			sourceTree = "<group>";
		};
		2A50351F22E5A2C100AEA530 /* compiler */ = {
			isa = PBXGroup;
			children = (
				2A50352022E5A2C100AEA530 /* compiler.h */,
				2A50352122E5A2C100AEA530 /* compiler.c */,
			);
			path = compiler;
			sourceTree = "<group>";
		};
		2A50352222E5A2C100AEA530 /* parser */ = {
			isa = PBXGroup;
			children = (
				2A50352322E5A2C100AEA530 /* parser.h */,
				2A50352422E5A2C100AEA530 /* parser.c */,
			);
			path = parser;
			sourceTree = "<group>";
		};
		2A50352522E5A2C100AEA530 /* scanner */ = {
			isa = PBXGroup;
			children = (
				2A50352622E5A2C100AEA530 /* scanner.c */,
				2A50352722E5A2C100AEA530 /* scanner.h */,
			);
			path = scanner;
			sourceTree = "<group>";
		};
/* End PBXGroup section */

/* Begin PBXNativeTarget section */
		2A5034FA22E5A20100AEA530 /* Heck */ = {
			isa = PBXNativeTarget;
			buildConfigurationList = 2A50350222E5A20100AEA530 /* Build configuration list for PBXNativeTarget "Heck" */;
			buildPhases = (
				2A5034F722E5A20100AEA530 /* Sources */,
				2A5034F822E5A20100AEA530 /* Frameworks */,
				2A5034F922E5A20100AEA530 /* CopyFiles */,
			);
			buildRules = (
			);
			dependencies = (
			);
			name = Heck;
			productName = Heck;
			productReference = 2A5034FB22E5A20100AEA530 /* Heck */;
			productType = "com.apple.product-type.tool";
		};
/* End PBXNativeTarget section */

/* Begin PBXProject section */
		2A5034F322E5A20100AEA530 /* Project object */ = {
			isa = PBXProject;
			attributes = {
				LastUpgradeCheck = 1020;
				ORGANIZATIONNAME = Mashpoe;
				TargetAttributes = {
					2A5034FA22E5A20100AEA530 = {
						CreatedOnToolsVersion = 10.2.1;
					};
				};
			};
			buildConfigurationList = 2A5034F622E5A20100AEA530 /* Build configuration list for PBXProject "Heck" */;
			compatibilityVersion = "Xcode 9.3";
			developmentRegion = en;
			hasScannedForEncodings = 0;
			knownRegions = (
				en,
			);
			mainGroup = 2A5034F222E5A20100AEA530;
			productRefGroup = 2A5034FC22E5A20100AEA530 /* Products */;
			projectDirPath = "";
			projectRoot = "";
			targets = (
				2A5034FA22E5A20100AEA530 /* Heck */,
			);
		};
/* End PBXProject section */

/* Begin PBXSourcesBuildPhase section */
		2A5034F722E5A20100AEA530 /* Sources */ = {
			isa = PBXSourcesBuildPhase;
			buildActionMask = 2147483647;
			files = (
				2A50352F22E5A2C100AEA530 /* token.c in Sources */,
				2A50352C22E5A2C100AEA530 /* scope.c in Sources */,
				2A50353122E5A2C100AEA530 /* parser.c in Sources */,
				2A50352B22E5A2C100AEA530 /* expression.c in Sources */,
				2A50353222E5A2C100AEA530 /* scanner.c in Sources */,
				2A50352E22E5A2C100AEA530 /* code.c in Sources */,
				2A50353022E5A2C100AEA530 /* compiler.c in Sources */,
				2A50352A22E5A2C100AEA530 /* vec.c in Sources */,
				2A50352922E5A2C100AEA530 /* str.c in Sources */,
				2A50352822E5A2C100AEA530 /* hashmap.c in Sources */,
				2A5034FF22E5A20100AEA530 /* main.c in Sources */,
				2A50352D22E5A2C100AEA530 /* statement.c in Sources */,
			);
			runOnlyForDeploymentPostprocessing = 0;
		};
/* End PBXSourcesBuildPhase section */

/* Begin XCBuildConfiguration section */
		2A50350022E5A20100AEA530 /* Debug */ = {
			isa = XCBuildConfiguration;
			buildSettings = {
				ALWAYS_SEARCH_USER_PATHS = NO;
				CLANG_ANALYZER_NONNULL = YES;
				CLANG_ANALYZER_NUMBER_OBJECT_CONVERSION = YES_AGGRESSIVE;
				CLANG_CXX_LANGUAGE_STANDARD = "gnu++14";
				CLANG_CXX_LIBRARY = "libc++";
				CLANG_ENABLE_MODULES = YES;
				CLANG_ENABLE_OBJC_ARC = YES;
				CLANG_ENABLE_OBJC_WEAK = YES;
				CLANG_WARN_BLOCK_CAPTURE_AUTORELEASING = YES;
				CLANG_WARN_BOOL_CONVERSION = YES;
				CLANG_WARN_COMMA = YES;
				CLANG_WARN_CONSTANT_CONVERSION = YES;
				CLANG_WARN_DEPRECATED_OBJC_IMPLEMENTATIONS = YES;
				CLANG_WARN_DIRECT_OBJC_ISA_USAGE = YES_ERROR;
				CLANG_WARN_DOCUMENTATION_COMMENTS = YES;
				CLANG_WARN_EMPTY_BODY = YES;
				CLANG_WARN_ENUM_CONVERSION = YES;
				CLANG_WARN_INFINITE_RECURSION = YES;
				CLANG_WARN_INT_CONVERSION = YES;
				CLANG_WARN_NON_LITERAL_NULL_CONVERSION = YES;
				CLANG_WARN_OBJC_IMPLICIT_RETAIN_SELF = YES;
				CLANG_WARN_OBJC_LITERAL_CONVERSION = YES;
				CLANG_WARN_OBJC_ROOT_CLASS = YES_ERROR;
				CLANG_WARN_RANGE_LOOP_ANALYSIS = YES;
				CLANG_WARN_STRICT_PROTOTYPES = YES;
				CLANG_WARN_SUSPICIOUS_MOVE = YES;
				CLANG_WARN_UNGUARDED_AVAILABILITY = YES_AGGRESSIVE;
				CLANG_WARN_UNREACHABLE_CODE = YES;
				CLANG_WARN__DUPLICATE_METHOD_MATCH = YES;
				CODE_SIGN_IDENTITY = "-";
				COPY_PHASE_STRIP = NO;
				DEBUG_INFORMATION_FORMAT = dwarf;
				ENABLE_STRICT_OBJC_MSGSEND = YES;
				ENABLE_TESTABILITY = YES;
				GCC_C_LANGUAGE_STANDARD = gnu11;
				GCC_DYNAMIC_NO_PIC = NO;
				GCC_NO_COMMON_BLOCKS = YES;
				GCC_OPTIMIZATION_LEVEL = 0;
				GCC_PREPROCESSOR_DEFINITIONS = (
					"DEBUG=1",
					"$(inherited)",
				);
				GCC_WARN_64_TO_32_BIT_CONVERSION = YES;
				GCC_WARN_ABOUT_RETURN_TYPE = YES_ERROR;
				GCC_WARN_UNDECLARED_SELECTOR = YES;
				GCC_WARN_UNINITIALIZED_AUTOS = YES_AGGRESSIVE;
				GCC_WARN_UNUSED_FUNCTION = YES;
				GCC_WARN_UNUSED_VARIABLE = YES;
				MACOSX_DEPLOYMENT_TARGET = 10.14;
				MTL_ENABLE_DEBUG_INFO = INCLUDE_SOURCE;
				MTL_FAST_MATH = YES;
				ONLY_ACTIVE_ARCH = YES;
				SDKROOT = macosx;
			};
			name = Debug;
		};
		2A50350122E5A20100AEA530 /* Release */ = {
			isa = XCBuildConfiguration;
			buildSettings = {
				ALWAYS_SEARCH_USER_PATHS = NO;
				CLANG_ANALYZER_NONNULL = YES;
				CLANG_ANALYZER_NUMBER_OBJECT_CONVERSION = YES_AGGRESSIVE;
				CLANG_CXX_LANGUAGE_STANDARD = "gnu++14";
				CLANG_CXX_LIBRARY = "libc++";
				CLANG_ENABLE_MODULES = YES;
				CLANG_ENABLE_OBJC_ARC = YES;
				CLANG_ENABLE_OBJC_WEAK = YES;
				CLANG_WARN_BLOCK_CAPTURE_AUTORELEASING = YES;
				CLANG_WARN_BOOL_CONVERSION = YES;
				CLANG_WARN_COMMA = YES;
				CLANG_WARN_CONSTANT_CONVERSION = YES;
				CLANG_WARN_DEPRECATED_OBJC_IMPLEMENTATIONS = YES;
				CLANG_WARN_DIRECT_OBJC_ISA_USAGE = YES_ERROR;
				CLANG_WARN_DOCUMENTATION_COMMENTS = YES;
				CLANG_WARN_EMPTY_BODY = YES;
				CLANG_WARN_ENUM_CONVERSION = YES;
				CLANG_WARN_INFINITE_RECURSION = YES;
				CLANG_WARN_INT_CONVERSION = YES;
				CLANG_WARN_NON_LITERAL_NULL_CONVERSION = YES;
				CLANG_WARN_OBJC_IMPLICIT_RETAIN_SELF = YES;
				CLANG_WARN_OBJC_LITERAL_CONVERSION = YES;
				CLANG_WARN_OBJC_ROOT_CLASS = YES_ERROR;
				CLANG_WARN_RANGE_LOOP_ANALYSIS = YES;
				CLANG_WARN_STRICT_PROTOTYPES = YES;
				CLANG_WARN_SUSPICIOUS_MOVE = YES;
				CLANG_WARN_UNGUARDED_AVAILABILITY = YES_AGGRESSIVE;
				CLANG_WARN_UNREACHABLE_CODE = YES;
				CLANG_WARN__DUPLICATE_METHOD_MATCH = YES;
				CODE_SIGN_IDENTITY = "-";
				COPY_PHASE_STRIP = NO;
				DEBUG_INFORMATION_FORMAT = "dwarf-with-dsym";
				ENABLE_NS_ASSERTIONS = NO;
				ENABLE_STRICT_OBJC_MSGSEND = YES;
				GCC_C_LANGUAGE_STANDARD = gnu11;
				GCC_NO_COMMON_BLOCKS = YES;
				GCC_WARN_64_TO_32_BIT_CONVERSION = YES;
				GCC_WARN_ABOUT_RETURN_TYPE = YES_ERROR;
				GCC_WARN_UNDECLARED_SELECTOR = YES;
				GCC_WARN_UNINITIALIZED_AUTOS = YES_AGGRESSIVE;
				GCC_WARN_UNUSED_FUNCTION = YES;
				GCC_WARN_UNUSED_VARIABLE = YES;
				MACOSX_DEPLOYMENT_TARGET = 10.14;
				MTL_ENABLE_DEBUG_INFO = NO;
				MTL_FAST_MATH = YES;
				SDKROOT = macosx;
			};
			name = Release;
		};
		2A50350322E5A20100AEA530 /* Debug */ = {
			isa = XCBuildConfiguration;
			buildSettings = {
				CODE_SIGN_STYLE = Automatic;
				PRODUCT_NAME = "$(TARGET_NAME)";
			};
			name = Debug;
		};
		2A50350422E5A20100AEA530 /* Release */ = {
			isa = XCBuildConfiguration;
			buildSettings = {
				CODE_SIGN_STYLE = Automatic;
				PRODUCT_NAME = "$(TARGET_NAME)";
			};
			name = Release;
		};
/* End XCBuildConfiguration section */

/* Begin XCConfigurationList section */
		2A5034F622E5A20100AEA530 /* Build configuration list for PBXProject "Heck" */ = {
			isa = XCConfigurationList;
			buildConfigurations = (
				2A50350022E5A20100AEA530 /* Debug */,
				2A50350122E5A20100AEA530 /* Release */,
			);
			defaultConfigurationIsVisible = 0;
			defaultConfigurationName = Release;
		};
		2A50350222E5A20100AEA530 /* Build configuration list for PBXNativeTarget "Heck" */ = {
			isa = XCConfigurationList;
			buildConfigurations = (
				2A50350322E5A20100AEA530 /* Debug */,
				2A50350422E5A20100AEA530 /* Release */,
			);
			defaultConfigurationIsVisible = 0;
			defaultConfigurationName = Release;
		};
/* End XCConfigurationList section */
	};
	rootObject = 2A5034F322E5A20100AEA530 /* Project object */;
}
