// !$*UTF8*$!
{
	archiveVersion = 1;
	classes = {
	};
	objectVersion = 50;
	objects = {

/* Begin PBXBuildFile section */
		2A320CC822987F5C0017F5AA /* str.c in Sources */ = {isa = PBXBuildFile; fileRef = 2A320CC622987F5C0017F5AA /* str.c */; };
		2A87E2E6224ADF9300BE659C /* parser.c in Sources */ = {isa = PBXBuildFile; fileRef = 2A87E2E5224ADF9300BE659C /* parser.c */; };
		2AC0194A22AE4E5C00EC72AE /* expression.c in Sources */ = {isa = PBXBuildFile; fileRef = 2AC0194922AE4E5C00EC72AE /* expression.c */; };
		2AC0194C22B0557400EC72AE /* statement.c in Sources */ = {isa = PBXBuildFile; fileRef = 2AC0194B22B0557400EC72AE /* statement.c */; };
		2AC8FD4E22B978180019C9F3 /* compiler.c in Sources */ = {isa = PBXBuildFile; fileRef = 2AC8FD4D22B978180019C9F3 /* compiler.c */; };
		2AC8FD5322C00CBD0019C9F3 /* namespace.c in Sources */ = {isa = PBXBuildFile; fileRef = 2AC8FD5222C00CBD0019C9F3 /* namespace.c */; };
		2AECE61F222606C300D2219B /* main.c in Sources */ = {isa = PBXBuildFile; fileRef = 2AECE61E222606C300D2219B /* main.c */; };
		2AECE630223181CF00D2219B /* vec.c in Sources */ = {isa = PBXBuildFile; fileRef = 2AECE62E223181CE00D2219B /* vec.c */; };
		2AEFAF8222380BBD00BBA04F /* hashmap.c in Sources */ = {isa = PBXBuildFile; fileRef = 2AEFAF8122380BBD00BBA04F /* hashmap.c */; };
		2AEFAF852238179E00BBA04F /* scanner.c in Sources */ = {isa = PBXBuildFile; fileRef = 2AEFAF842238179E00BBA04F /* scanner.c */; };
		2AEFAF8F22398BAC00BBA04F /* code.c in Sources */ = {isa = PBXBuildFile; fileRef = 2AEFAF8E22398BAC00BBA04F /* code.c */; };
		2AEFAFA12243135E00BBA04F /* token.c in Sources */ = {isa = PBXBuildFile; fileRef = 2AEFAFA02243135E00BBA04F /* token.c */; };
/* End PBXBuildFile section */

/* Begin PBXCopyFilesBuildPhase section */
		2AECE619222606C300D2219B /* CopyFiles */ = {
			isa = PBXCopyFilesBuildPhase;
			buildActionMask = 2147483647;
			dstPath = /usr/share/man/man1/;
			dstSubfolderSpec = 0;
			files = (
			);
			runOnlyForDeploymentPostprocessing = 1;
		};
/* End PBXCopyFilesBuildPhase section */

/* Begin PBXFileReference section */
		2A320CC622987F5C0017F5AA /* str.c */ = {isa = PBXFileReference; fileEncoding = 4; lastKnownFileType = sourcecode.c.c; path = str.c; sourceTree = "<group>"; };
		2A320CC722987F5C0017F5AA /* str.h */ = {isa = PBXFileReference; fileEncoding = 4; lastKnownFileType = sourcecode.c.h; path = str.h; sourceTree = "<group>"; };
		2A87E2E4224ADF9300BE659C /* parser.h */ = {isa = PBXFileReference; lastKnownFileType = sourcecode.c.h; path = parser.h; sourceTree = "<group>"; };
		2A87E2E5224ADF9300BE659C /* parser.c */ = {isa = PBXFileReference; lastKnownFileType = sourcecode.c.c; path = parser.c; sourceTree = "<group>"; };
		2AC0194822AE259B00EC72AE /* statement.h */ = {isa = PBXFileReference; lastKnownFileType = sourcecode.c.h; path = statement.h; sourceTree = "<group>"; };
		2AC0194922AE4E5C00EC72AE /* expression.c */ = {isa = PBXFileReference; lastKnownFileType = sourcecode.c.c; path = expression.c; sourceTree = "<group>"; };
		2AC0194B22B0557400EC72AE /* statement.c */ = {isa = PBXFileReference; lastKnownFileType = sourcecode.c.c; path = statement.c; sourceTree = "<group>"; };
		2AC8FD4C22B978180019C9F3 /* compiler.h */ = {isa = PBXFileReference; lastKnownFileType = sourcecode.c.h; path = compiler.h; sourceTree = "<group>"; };
		2AC8FD4D22B978180019C9F3 /* compiler.c */ = {isa = PBXFileReference; lastKnownFileType = sourcecode.c.c; path = compiler.c; sourceTree = "<group>"; };
		2AC8FD5122C00CBD0019C9F3 /* namespace.h */ = {isa = PBXFileReference; lastKnownFileType = sourcecode.c.h; path = namespace.h; sourceTree = "<group>"; };
		2AC8FD5222C00CBD0019C9F3 /* namespace.c */ = {isa = PBXFileReference; lastKnownFileType = sourcecode.c.c; path = namespace.c; sourceTree = "<group>"; };
		2AECE61B222606C300D2219B /* CHeckScript */ = {isa = PBXFileReference; explicitFileType = "compiled.mach-o.executable"; includeInIndex = 0; path = CHeckScript; sourceTree = BUILT_PRODUCTS_DIR; };
		2AECE61E222606C300D2219B /* main.c */ = {isa = PBXFileReference; lastKnownFileType = sourcecode.c.c; path = main.c; sourceTree = "<group>"; };
		2AECE62E223181CE00D2219B /* vec.c */ = {isa = PBXFileReference; fileEncoding = 4; lastKnownFileType = sourcecode.c.c; path = vec.c; sourceTree = "<group>"; };
		2AECE62F223181CF00D2219B /* vec.h */ = {isa = PBXFileReference; fileEncoding = 4; lastKnownFileType = sourcecode.c.h; path = vec.h; sourceTree = "<group>"; };
		2AEFAF8022380BBC00BBA04F /* hashmap.h */ = {isa = PBXFileReference; lastKnownFileType = sourcecode.c.h; path = hashmap.h; sourceTree = "<group>"; };
		2AEFAF8122380BBD00BBA04F /* hashmap.c */ = {isa = PBXFileReference; lastKnownFileType = sourcecode.c.c; path = hashmap.c; sourceTree = "<group>"; };
		2AEFAF832238179E00BBA04F /* scanner.h */ = {isa = PBXFileReference; lastKnownFileType = sourcecode.c.h; path = scanner.h; sourceTree = "<group>"; };
		2AEFAF842238179E00BBA04F /* scanner.c */ = {isa = PBXFileReference; lastKnownFileType = sourcecode.c.c; path = scanner.c; sourceTree = "<group>"; };
		2AEFAF862238186B00BBA04F /* token.h */ = {isa = PBXFileReference; lastKnownFileType = sourcecode.c.h; path = token.h; sourceTree = "<group>"; };
		2AEFAF89223818C600BBA04F /* tokentypes.h */ = {isa = PBXFileReference; lastKnownFileType = sourcecode.c.h; path = tokentypes.h; sourceTree = "<group>"; };
		2AEFAF8A2239728A00BBA04F /* code.h */ = {isa = PBXFileReference; lastKnownFileType = sourcecode.c.h; path = code.h; sourceTree = "<group>"; };
		2AEFAF8D2239825E00BBA04F /* code_impl.h */ = {isa = PBXFileReference; lastKnownFileType = sourcecode.c.h; path = code_impl.h; sourceTree = "<group>"; };
		2AEFAF8E22398BAC00BBA04F /* code.c */ = {isa = PBXFileReference; lastKnownFileType = sourcecode.c.c; path = code.c; sourceTree = "<group>"; };
		2AEFAF9D2241E8D100BBA04F /* expression.h */ = {isa = PBXFileReference; lastKnownFileType = sourcecode.c.h; path = expression.h; sourceTree = "<group>"; };
		2AEFAF9E2241E93000BBA04F /* types.h */ = {isa = PBXFileReference; lastKnownFileType = sourcecode.c.h; path = types.h; sourceTree = "<group>"; };
		2AEFAFA02243135E00BBA04F /* token.c */ = {isa = PBXFileReference; lastKnownFileType = sourcecode.c.c; path = token.c; sourceTree = "<group>"; };
/* End PBXFileReference section */

/* Begin PBXFrameworksBuildPhase section */
		2AECE618222606C300D2219B /* Frameworks */ = {
			isa = PBXFrameworksBuildPhase;
			buildActionMask = 2147483647;
			files = (
			);
			runOnlyForDeploymentPostprocessing = 0;
		};
/* End PBXFrameworksBuildPhase section */

/* Begin PBXGroup section */
		2A87E2E3224ADF6600BE659C /* parser */ = {
			isa = PBXGroup;
			children = (
				2A87E2E4224ADF9300BE659C /* parser.h */,
				2A87E2E5224ADF9300BE659C /* parser.c */,
			);
			path = parser;
			sourceTree = "<group>";
		};
		2AC8FD4B22B8DF840019C9F3 /* compiler */ = {
			isa = PBXGroup;
			children = (
				2AC8FD4C22B978180019C9F3 /* compiler.h */,
				2AC8FD4D22B978180019C9F3 /* compiler.c */,
			);
			path = compiler;
			sourceTree = "<group>";
		};
		2AECE612222606C300D2219B = {
			isa = PBXGroup;
			children = (
				2AECE61D222606C300D2219B /* CHeckScript */,
				2AECE61C222606C300D2219B /* Products */,
			);
			sourceTree = "<group>";
		};
		2AECE61C222606C300D2219B /* Products */ = {
			isa = PBXGroup;
			children = (
				2AECE61B222606C300D2219B /* CHeckScript */,
			);
			name = Products;
			sourceTree = "<group>";
		};
		2AECE61D222606C300D2219B /* CHeckScript */ = {
			isa = PBXGroup;
			children = (
				2AEFAF90223D7FB300BBA04F /* structures */,
				2AEFAF95223D806F00BBA04F /* token */,
				2AEFAF96223D808C00BBA04F /* code */,
				2AEFAF97223D80A400BBA04F /* scanner */,
				2A87E2E3224ADF6600BE659C /* parser */,
				2AC8FD4B22B8DF840019C9F3 /* compiler */,
				2AECE61E222606C300D2219B /* main.c */,
			);
			path = CHeckScript;
			sourceTree = "<group>";
		};
		2AEFAF90223D7FB300BBA04F /* structures */ = {
			isa = PBXGroup;
			children = (
				2AEFAF93223D7FD600BBA04F /* hashmap */,
				2AEFAF92223D7FCD00BBA04F /* string */,
				2AEFAF91223D7FC600BBA04F /* vector */,
			);
			path = structures;
			sourceTree = "<group>";
		};
		2AEFAF91223D7FC600BBA04F /* vector */ = {
			isa = PBXGroup;
			children = (
				2AECE62F223181CF00D2219B /* vec.h */,
				2AECE62E223181CE00D2219B /* vec.c */,
			);
			path = vector;
			sourceTree = "<group>";
		};
		2AEFAF92223D7FCD00BBA04F /* string */ = {
			isa = PBXGroup;
			children = (
				2A320CC722987F5C0017F5AA /* str.h */,
				2A320CC622987F5C0017F5AA /* str.c */,
			);
			path = string;
			sourceTree = "<group>";
		};
		2AEFAF93223D7FD600BBA04F /* hashmap */ = {
			isa = PBXGroup;
			children = (
				2AEFAF8022380BBC00BBA04F /* hashmap.h */,
				2AEFAF8122380BBD00BBA04F /* hashmap.c */,
			);
			path = hashmap;
			sourceTree = "<group>";
		};
		2AEFAF95223D806F00BBA04F /* token */ = {
			isa = PBXGroup;
			children = (
				2AEFAF89223818C600BBA04F /* tokentypes.h */,
				2AEFAF862238186B00BBA04F /* token.h */,
				2AEFAFA02243135E00BBA04F /* token.c */,
			);
			path = token;
			sourceTree = "<group>";
		};
		2AEFAF96223D808C00BBA04F /* code */ = {
			isa = PBXGroup;
			children = (
				2AEFAF9C2241840C00BBA04F /* syntax tree */,
				2AEFAF8A2239728A00BBA04F /* code.h */,
				2AEFAF8D2239825E00BBA04F /* code_impl.h */,
				2AEFAF8E22398BAC00BBA04F /* code.c */,
			);
			path = code;
			sourceTree = "<group>";
		};
		2AEFAF97223D80A400BBA04F /* scanner */ = {
			isa = PBXGroup;
			children = (
				2AEFAF832238179E00BBA04F /* scanner.h */,
				2AEFAF842238179E00BBA04F /* scanner.c */,
			);
			path = scanner;
			sourceTree = "<group>";
		};
		2AEFAF9C2241840C00BBA04F /* syntax tree */ = {
			isa = PBXGroup;
			children = (
				2AEFAF9E2241E93000BBA04F /* types.h */,
				2AEFAF9D2241E8D100BBA04F /* expression.h */,
				2AC0194922AE4E5C00EC72AE /* expression.c */,
				2AC0194822AE259B00EC72AE /* statement.h */,
				2AC0194B22B0557400EC72AE /* statement.c */,
				2AC8FD5122C00CBD0019C9F3 /* namespace.h */,
				2AC8FD5222C00CBD0019C9F3 /* namespace.c */,
			);
			path = "syntax tree";
			sourceTree = "<group>";
		};
/* End PBXGroup section */

/* Begin PBXNativeTarget section */
		2AECE61A222606C300D2219B /* CHeckScript */ = {
			isa = PBXNativeTarget;
			buildConfigurationList = 2AECE622222606C300D2219B /* Build configuration list for PBXNativeTarget "CHeckScript" */;
			buildPhases = (
				2AECE617222606C300D2219B /* Sources */,
				2AECE618222606C300D2219B /* Frameworks */,
				2AECE619222606C300D2219B /* CopyFiles */,
			);
			buildRules = (
			);
			dependencies = (
			);
			name = CHeckScript;
			productName = CHeckScript;
			productReference = 2AECE61B222606C300D2219B /* CHeckScript */;
			productType = "com.apple.product-type.tool";
		};
/* End PBXNativeTarget section */

/* Begin PBXProject section */
		2AECE613222606C300D2219B /* Project object */ = {
			isa = PBXProject;
			attributes = {
				LastUpgradeCheck = 1010;
				ORGANIZATIONNAME = "";
				TargetAttributes = {
					2AECE61A222606C300D2219B = {
						CreatedOnToolsVersion = 10.1;
					};
				};
			};
			buildConfigurationList = 2AECE616222606C300D2219B /* Build configuration list for PBXProject "CHeckScript" */;
			compatibilityVersion = "Xcode 9.3";
			developmentRegion = en;
			hasScannedForEncodings = 0;
			knownRegions = (
				en,
			);
			mainGroup = 2AECE612222606C300D2219B;
			productRefGroup = 2AECE61C222606C300D2219B /* Products */;
			projectDirPath = "";
			projectRoot = "";
			targets = (
				2AECE61A222606C300D2219B /* CHeckScript */,
			);
		};
/* End PBXProject section */

/* Begin PBXSourcesBuildPhase section */
		2AECE617222606C300D2219B /* Sources */ = {
			isa = PBXSourcesBuildPhase;
			buildActionMask = 2147483647;
			files = (
				2A320CC822987F5C0017F5AA /* str.c in Sources */,
				2AC8FD5322C00CBD0019C9F3 /* namespace.c in Sources */,
				2AC0194C22B0557400EC72AE /* statement.c in Sources */,
				2A87E2E6224ADF9300BE659C /* parser.c in Sources */,
				2AEFAF852238179E00BBA04F /* scanner.c in Sources */,
				2AEFAFA12243135E00BBA04F /* token.c in Sources */,
				2AC0194A22AE4E5C00EC72AE /* expression.c in Sources */,
				2AEFAF8F22398BAC00BBA04F /* code.c in Sources */,
				2AEFAF8222380BBD00BBA04F /* hashmap.c in Sources */,
				2AC8FD4E22B978180019C9F3 /* compiler.c in Sources */,
				2AECE61F222606C300D2219B /* main.c in Sources */,
				2AECE630223181CF00D2219B /* vec.c in Sources */,
			);
			runOnlyForDeploymentPostprocessing = 0;
		};
/* End PBXSourcesBuildPhase section */

/* Begin XCBuildConfiguration section */
		2AECE620222606C300D2219B /* Debug */ = {
			isa = XCBuildConfiguration;
			buildSettings = {
				ALWAYS_SEARCH_USER_PATHS = NO;
				CLANG_ANALYZER_NONNULL = YES;
				CLANG_ANALYZER_NUMBER_OBJECT_CONVERSION = YES_AGGRESSIVE;
				CLANG_CXX_LANGUAGE_STANDARD = "gnu++14";
				CLANG_CXX_LIBRARY = "libc++";
				CLANG_ENABLE_MODULES = YES;
				CLANG_ENABLE_OBJC_ARC = YES;
				CLANG_ENABLE_OBJC_WEAK = YES;
				CLANG_WARN_BLOCK_CAPTURE_AUTORELEASING = YES;
				CLANG_WARN_BOOL_CONVERSION = YES;
				CLANG_WARN_COMMA = YES;
				CLANG_WARN_CONSTANT_CONVERSION = YES;
				CLANG_WARN_DEPRECATED_OBJC_IMPLEMENTATIONS = YES;
				CLANG_WARN_DIRECT_OBJC_ISA_USAGE = YES_ERROR;
				CLANG_WARN_DOCUMENTATION_COMMENTS = YES;
				CLANG_WARN_EMPTY_BODY = YES;
				CLANG_WARN_ENUM_CONVERSION = YES;
				CLANG_WARN_INFINITE_RECURSION = YES;
				CLANG_WARN_INT_CONVERSION = YES;
				CLANG_WARN_NON_LITERAL_NULL_CONVERSION = YES;
				CLANG_WARN_OBJC_IMPLICIT_RETAIN_SELF = YES;
				CLANG_WARN_OBJC_LITERAL_CONVERSION = YES;
				CLANG_WARN_OBJC_ROOT_CLASS = YES_ERROR;
				CLANG_WARN_RANGE_LOOP_ANALYSIS = YES;
				CLANG_WARN_STRICT_PROTOTYPES = YES;
				CLANG_WARN_SUSPICIOUS_MOVE = YES;
				CLANG_WARN_UNGUARDED_AVAILABILITY = YES_AGGRESSIVE;
				CLANG_WARN_UNREACHABLE_CODE = YES;
				CLANG_WARN__DUPLICATE_METHOD_MATCH = YES;
				CODE_SIGN_IDENTITY = "-";
				COPY_PHASE_STRIP = NO;
				DEBUG_INFORMATION_FORMAT = dwarf;
				ENABLE_STRICT_OBJC_MSGSEND = YES;
				ENABLE_TESTABILITY = YES;
				GCC_C_LANGUAGE_STANDARD = gnu11;
				GCC_DYNAMIC_NO_PIC = NO;
				GCC_NO_COMMON_BLOCKS = YES;
				GCC_OPTIMIZATION_LEVEL = 0;
				GCC_PREPROCESSOR_DEFINITIONS = (
					"DEBUG=1",
					"$(inherited)",
				);
				GCC_WARN_64_TO_32_BIT_CONVERSION = YES;
				GCC_WARN_ABOUT_RETURN_TYPE = YES_ERROR;
				GCC_WARN_UNDECLARED_SELECTOR = YES;
				GCC_WARN_UNINITIALIZED_AUTOS = YES_AGGRESSIVE;
				GCC_WARN_UNUSED_FUNCTION = YES;
				GCC_WARN_UNUSED_VARIABLE = YES;
				MACOSX_DEPLOYMENT_TARGET = 10.14;
				MTL_ENABLE_DEBUG_INFO = INCLUDE_SOURCE;
				MTL_FAST_MATH = YES;
				ONLY_ACTIVE_ARCH = YES;
				SDKROOT = macosx;
			};
			name = Debug;
		};
		2AECE621222606C300D2219B /* Release */ = {
			isa = XCBuildConfiguration;
			buildSettings = {
				ALWAYS_SEARCH_USER_PATHS = NO;
				CLANG_ANALYZER_NONNULL = YES;
				CLANG_ANALYZER_NUMBER_OBJECT_CONVERSION = YES_AGGRESSIVE;
				CLANG_CXX_LANGUAGE_STANDARD = "gnu++14";
				CLANG_CXX_LIBRARY = "libc++";
				CLANG_ENABLE_MODULES = YES;
				CLANG_ENABLE_OBJC_ARC = YES;
				CLANG_ENABLE_OBJC_WEAK = YES;
				CLANG_WARN_BLOCK_CAPTURE_AUTORELEASING = YES;
				CLANG_WARN_BOOL_CONVERSION = YES;
				CLANG_WARN_COMMA = YES;
				CLANG_WARN_CONSTANT_CONVERSION = YES;
				CLANG_WARN_DEPRECATED_OBJC_IMPLEMENTATIONS = YES;
				CLANG_WARN_DIRECT_OBJC_ISA_USAGE = YES_ERROR;
				CLANG_WARN_DOCUMENTATION_COMMENTS = YES;
				CLANG_WARN_EMPTY_BODY = YES;
				CLANG_WARN_ENUM_CONVERSION = YES;
				CLANG_WARN_INFINITE_RECURSION = YES;
				CLANG_WARN_INT_CONVERSION = YES;
				CLANG_WARN_NON_LITERAL_NULL_CONVERSION = YES;
				CLANG_WARN_OBJC_IMPLICIT_RETAIN_SELF = YES;
				CLANG_WARN_OBJC_LITERAL_CONVERSION = YES;
				CLANG_WARN_OBJC_ROOT_CLASS = YES_ERROR;
				CLANG_WARN_RANGE_LOOP_ANALYSIS = YES;
				CLANG_WARN_STRICT_PROTOTYPES = YES;
				CLANG_WARN_SUSPICIOUS_MOVE = YES;
				CLANG_WARN_UNGUARDED_AVAILABILITY = YES_AGGRESSIVE;
				CLANG_WARN_UNREACHABLE_CODE = YES;
				CLANG_WARN__DUPLICATE_METHOD_MATCH = YES;
				CODE_SIGN_IDENTITY = "-";
				COPY_PHASE_STRIP = NO;
				DEBUG_INFORMATION_FORMAT = "dwarf-with-dsym";
				ENABLE_NS_ASSERTIONS = NO;
				ENABLE_STRICT_OBJC_MSGSEND = YES;
				GCC_C_LANGUAGE_STANDARD = gnu11;
				GCC_NO_COMMON_BLOCKS = YES;
				GCC_WARN_64_TO_32_BIT_CONVERSION = YES;
				GCC_WARN_ABOUT_RETURN_TYPE = YES_ERROR;
				GCC_WARN_UNDECLARED_SELECTOR = YES;
				GCC_WARN_UNINITIALIZED_AUTOS = YES_AGGRESSIVE;
				GCC_WARN_UNUSED_FUNCTION = YES;
				GCC_WARN_UNUSED_VARIABLE = YES;
				MACOSX_DEPLOYMENT_TARGET = 10.14;
				MTL_ENABLE_DEBUG_INFO = NO;
				MTL_FAST_MATH = YES;
				SDKROOT = macosx;
			};
			name = Release;
		};
		2AECE623222606C300D2219B /* Debug */ = {
			isa = XCBuildConfiguration;
			buildSettings = {
				CODE_SIGN_STYLE = Automatic;
				PRODUCT_NAME = "$(TARGET_NAME)";
			};
			name = Debug;
		};
		2AECE624222606C300D2219B /* Release */ = {
			isa = XCBuildConfiguration;
			buildSettings = {
				CODE_SIGN_STYLE = Automatic;
				PRODUCT_NAME = "$(TARGET_NAME)";
			};
			name = Release;
		};
/* End XCBuildConfiguration section */

/* Begin XCConfigurationList section */
		2AECE616222606C300D2219B /* Build configuration list for PBXProject "CHeckScript" */ = {
			isa = XCConfigurationList;
			buildConfigurations = (
				2AECE620222606C300D2219B /* Debug */,
				2AECE621222606C300D2219B /* Release */,
			);
			defaultConfigurationIsVisible = 0;
			defaultConfigurationName = Release;
		};
		2AECE622222606C300D2219B /* Build configuration list for PBXNativeTarget "CHeckScript" */ = {
			isa = XCConfigurationList;
			buildConfigurations = (
				2AECE623222606C300D2219B /* Debug */,
				2AECE624222606C300D2219B /* Release */,
			);
			defaultConfigurationIsVisible = 0;
			defaultConfigurationName = Release;
		};
/* End XCConfigurationList section */
	};
	rootObject = 2AECE613222606C300D2219B /* Project object */;
}
